// !$*UTF8*$!
{
	archiveVersion = 1;
	classes = {
	};
	objectVersion = 46;
	objects = {

/* Begin PBXBuildFile section */
		66FB7089552F19A552AFD4BB /* Pods_ChoreSolver.framework in Frameworks */ = {isa = PBXBuildFile; fileRef = 83AC856F9968EC949A59AAB8 /* Pods_ChoreSolver.framework */; };
		6F22205E1D31EA1E00A3BDC9 /* ParseHelper.swift in Sources */ = {isa = PBXBuildFile; fileRef = 6F22205D1D31EA1E00A3BDC9 /* ParseHelper.swift */; };
		6F4394691D30D71B000A1F49 /* AppDelegate.swift in Sources */ = {isa = PBXBuildFile; fileRef = 6F4394681D30D71B000A1F49 /* AppDelegate.swift */; };
		6F43946E1D30D71B000A1F49 /* Main.storyboard in Resources */ = {isa = PBXBuildFile; fileRef = 6F43946C1D30D71B000A1F49 /* Main.storyboard */; };
		6F4394701D30D71B000A1F49 /* Assets.xcassets in Resources */ = {isa = PBXBuildFile; fileRef = 6F43946F1D30D71B000A1F49 /* Assets.xcassets */; };
		6F4394731D30D71B000A1F49 /* LaunchScreen.storyboard in Resources */ = {isa = PBXBuildFile; fileRef = 6F4394711D30D71B000A1F49 /* LaunchScreen.storyboard */; };
		6F5391B81D329B2A00C1AA9C /* Request.swift in Sources */ = {isa = PBXBuildFile; fileRef = 6F5391B71D329B2A00C1AA9C /* Request.swift */; };
		6F5F58C31D336C56000ABB58 /* sentRequestTableViewCell.swift in Sources */ = {isa = PBXBuildFile; fileRef = 6F5F58C21D336C56000ABB58 /* sentRequestTableViewCell.swift */; };
		6F5F58D41D33EB61000ABB58 /* CustomerReqeustViewController.swift in Sources */ = {isa = PBXBuildFile; fileRef = 6F5F58D31D33EB61000ABB58 /* CustomerReqeustViewController.swift */; };
		6F5F58D61D33EBD2000ABB58 /* SearchViewController.swift in Sources */ = {isa = PBXBuildFile; fileRef = 6F5F58D51D33EBD2000ABB58 /* SearchViewController.swift */; };
		6F5F58D81D33EC19000ABB58 /* SearchResultViewController.swift in Sources */ = {isa = PBXBuildFile; fileRef = 6F5F58D71D33EC19000ABB58 /* SearchResultViewController.swift */; };
		6F5F58DA1D33ED66000ABB58 /* CleanPersonRequestViewController.swift in Sources */ = {isa = PBXBuildFile; fileRef = 6F5F58D91D33ED66000ABB58 /* CleanPersonRequestViewController.swift */; };
		6F8E6A8F1D31F96200618103 /* SearchResultTableViewCell.swift in Sources */ = {isa = PBXBuildFile; fileRef = 6F8E6A8E1D31F96200618103 /* SearchResultTableViewCell.swift */; };
		6F8E6A921D31FDF600618103 /* CleanPerson.swift in Sources */ = {isa = PBXBuildFile; fileRef = 6F8E6A911D31FDF600618103 /* CleanPerson.swift */; };
		6FDDB8791D34B89E00DBA28F /* cleanPersonRequestTableViewCell.swift in Sources */ = {isa = PBXBuildFile; fileRef = 6FDDB8781D34B89E00DBA28F /* cleanPersonRequestTableViewCell.swift */; };
		6FDDB87B1D34D11700DBA28F /* CustomerProfileViewController.swift in Sources */ = {isa = PBXBuildFile; fileRef = 6FDDB87A1D34D11700DBA28F /* CustomerProfileViewController.swift */; };
/* End PBXBuildFile section */

/* Begin PBXFileReference section */
		4C26C908E74100B9CB8DBBFC /* Pods-ChoreSolver.debug.xcconfig */ = {isa = PBXFileReference; includeInIndex = 1; lastKnownFileType = text.xcconfig; name = "Pods-ChoreSolver.debug.xcconfig"; path = "Pods/Target Support Files/Pods-ChoreSolver/Pods-ChoreSolver.debug.xcconfig"; sourceTree = "<group>"; };
		6F22205D1D31EA1E00A3BDC9 /* ParseHelper.swift */ = {isa = PBXFileReference; fileEncoding = 4; lastKnownFileType = sourcecode.swift; path = ParseHelper.swift; sourceTree = "<group>"; };
		6F4394651D30D71B000A1F49 /* ChoreSolver.app */ = {isa = PBXFileReference; explicitFileType = wrapper.application; includeInIndex = 0; path = ChoreSolver.app; sourceTree = BUILT_PRODUCTS_DIR; };
		6F4394681D30D71B000A1F49 /* AppDelegate.swift */ = {isa = PBXFileReference; lastKnownFileType = sourcecode.swift; path = AppDelegate.swift; sourceTree = "<group>"; };
		6F43946D1D30D71B000A1F49 /* Base */ = {isa = PBXFileReference; lastKnownFileType = file.storyboard; name = Base; path = Base.lproj/Main.storyboard; sourceTree = "<group>"; };
		6F43946F1D30D71B000A1F49 /* Assets.xcassets */ = {isa = PBXFileReference; lastKnownFileType = folder.assetcatalog; path = Assets.xcassets; sourceTree = "<group>"; };
		6F4394721D30D71B000A1F49 /* Base */ = {isa = PBXFileReference; lastKnownFileType = file.storyboard; name = Base; path = Base.lproj/LaunchScreen.storyboard; sourceTree = "<group>"; };
		6F4394741D30D71B000A1F49 /* Info.plist */ = {isa = PBXFileReference; lastKnownFileType = text.plist.xml; path = Info.plist; sourceTree = "<group>"; };
		6F5391B71D329B2A00C1AA9C /* Request.swift */ = {isa = PBXFileReference; fileEncoding = 4; lastKnownFileType = sourcecode.swift; path = Request.swift; sourceTree = "<group>"; };
		6F5F58C21D336C56000ABB58 /* sentRequestTableViewCell.swift */ = {isa = PBXFileReference; fileEncoding = 4; lastKnownFileType = sourcecode.swift; path = sentRequestTableViewCell.swift; sourceTree = "<group>"; };
		6F5F58D31D33EB61000ABB58 /* CustomerReqeustViewController.swift */ = {isa = PBXFileReference; fileEncoding = 4; lastKnownFileType = sourcecode.swift; path = CustomerReqeustViewController.swift; sourceTree = "<group>"; };
		6F5F58D51D33EBD2000ABB58 /* SearchViewController.swift */ = {isa = PBXFileReference; fileEncoding = 4; lastKnownFileType = sourcecode.swift; path = SearchViewController.swift; sourceTree = "<group>"; };
		6F5F58D71D33EC19000ABB58 /* SearchResultViewController.swift */ = {isa = PBXFileReference; fileEncoding = 4; lastKnownFileType = sourcecode.swift; path = SearchResultViewController.swift; sourceTree = "<group>"; };
		6F5F58D91D33ED66000ABB58 /* CleanPersonRequestViewController.swift */ = {isa = PBXFileReference; fileEncoding = 4; lastKnownFileType = sourcecode.swift; path = CleanPersonRequestViewController.swift; sourceTree = "<group>"; };
		6F8E6A8E1D31F96200618103 /* SearchResultTableViewCell.swift */ = {isa = PBXFileReference; fileEncoding = 4; lastKnownFileType = sourcecode.swift; path = SearchResultTableViewCell.swift; sourceTree = "<group>"; };
		6F8E6A911D31FDF600618103 /* CleanPerson.swift */ = {isa = PBXFileReference; fileEncoding = 4; lastKnownFileType = sourcecode.swift; path = CleanPerson.swift; sourceTree = "<group>"; };
		6FDDB8781D34B89E00DBA28F /* cleanPersonRequestTableViewCell.swift */ = {isa = PBXFileReference; fileEncoding = 4; lastKnownFileType = sourcecode.swift; path = cleanPersonRequestTableViewCell.swift; sourceTree = "<group>"; };
		6FDDB87A1D34D11700DBA28F /* CustomerProfileViewController.swift */ = {isa = PBXFileReference; fileEncoding = 4; lastKnownFileType = sourcecode.swift; path = CustomerProfileViewController.swift; sourceTree = "<group>"; };
		83AC856F9968EC949A59AAB8 /* Pods_ChoreSolver.framework */ = {isa = PBXFileReference; explicitFileType = wrapper.framework; includeInIndex = 0; path = Pods_ChoreSolver.framework; sourceTree = BUILT_PRODUCTS_DIR; };
		F6A184FD2700C9E36EE66331 /* Pods-ChoreSolver.release.xcconfig */ = {isa = PBXFileReference; includeInIndex = 1; lastKnownFileType = text.xcconfig; name = "Pods-ChoreSolver.release.xcconfig"; path = "Pods/Target Support Files/Pods-ChoreSolver/Pods-ChoreSolver.release.xcconfig"; sourceTree = "<group>"; };
/* End PBXFileReference section */

/* Begin PBXFrameworksBuildPhase section */
		6F4394621D30D71B000A1F49 /* Frameworks */ = {
			isa = PBXFrameworksBuildPhase;
			buildActionMask = 2147483647;
			files = (
				66FB7089552F19A552AFD4BB /* Pods_ChoreSolver.framework in Frameworks */,
			);
			runOnlyForDeploymentPostprocessing = 0;
		};
/* End PBXFrameworksBuildPhase section */

/* Begin PBXGroup section */
		45F553948EB19EA4E9DA40F1 /* Frameworks */ = {
			isa = PBXGroup;
			children = (
				83AC856F9968EC949A59AAB8 /* Pods_ChoreSolver.framework */,
			);
			name = Frameworks;
			sourceTree = "<group>";
		};
		6F22205C1D31EA1200A3BDC9 /* Helpers */ = {
			isa = PBXGroup;
			children = (
				6F22205D1D31EA1E00A3BDC9 /* ParseHelper.swift */,
			);
			path = Helpers;
			sourceTree = "<group>";
		};
		6F43945C1D30D71B000A1F49 = {
			isa = PBXGroup;
			children = (
				6F4394671D30D71B000A1F49 /* ChoreSolver */,
				6F4394661D30D71B000A1F49 /* Products */,
				F1D4BAF4E8101AB1148B2FFA /* Pods */,
				45F553948EB19EA4E9DA40F1 /* Frameworks */,
			);
			sourceTree = "<group>";
		};
		6F4394661D30D71B000A1F49 /* Products */ = {
			isa = PBXGroup;
			children = (
				6F4394651D30D71B000A1F49 /* ChoreSolver.app */,
			);
			name = Products;
			sourceTree = "<group>";
		};
		6F4394671D30D71B000A1F49 /* ChoreSolver */ = {
			isa = PBXGroup;
			children = (
				6F8E6A901D31FDC600618103 /* Models */,
				6F8E6A8C1D31F94900618103 /* Views */,
				6F8E6A851D31EF3800618103 /* TestViewControllers */,
				6F22205C1D31EA1200A3BDC9 /* Helpers */,
				6F4394681D30D71B000A1F49 /* AppDelegate.swift */,
				6F43946C1D30D71B000A1F49 /* Main.storyboard */,
				6F43946F1D30D71B000A1F49 /* Assets.xcassets */,
				6F4394711D30D71B000A1F49 /* LaunchScreen.storyboard */,
				6F4394741D30D71B000A1F49 /* Info.plist */,
			);
			path = ChoreSolver;
			sourceTree = "<group>";
		};
		6F5F58C11D336C42000ABB58 /* CustomerRequestResult */ = {
			isa = PBXGroup;
			children = (
				6F5F58C21D336C56000ABB58 /* sentRequestTableViewCell.swift */,
			);
			path = CustomerRequestResult;
			sourceTree = "<group>";
		};
		6F5F58CD1D33E8EF000ABB58 /* CleanPerson */ = {
			isa = PBXGroup;
			children = (
				6F5F58CE1D33E8EF000ABB58 /* TabProfile */,
				6F5F58CF1D33E8EF000ABB58 /* TabRequest */,
			);
			path = CleanPerson;
			sourceTree = "<group>";
		};
		6F5F58CE1D33E8EF000ABB58 /* TabProfile */ = {
			isa = PBXGroup;
			children = (
			);
			path = TabProfile;
			sourceTree = "<group>";
		};
		6F5F58CF1D33E8EF000ABB58 /* TabRequest */ = {
			isa = PBXGroup;
			children = (
				6F5F58D91D33ED66000ABB58 /* CleanPersonRequestViewController.swift */,
				6FDDB87A1D34D11700DBA28F /* CustomerProfileViewController.swift */,
			);
			path = TabRequest;
			sourceTree = "<group>";
		};
		6F5F58D01D33E8EF000ABB58 /* Customer */ = {
			isa = PBXGroup;
			children = (
				6F5F58D11D33E8EF000ABB58 /* TabRequest */,
				6F5F58D21D33E8EF000ABB58 /* TabSearch */,
			);
			path = Customer;
			sourceTree = "<group>";
		};
		6F5F58D11D33E8EF000ABB58 /* TabRequest */ = {
			isa = PBXGroup;
			children = (
				6F5F58D31D33EB61000ABB58 /* CustomerReqeustViewController.swift */,
			);
			path = TabRequest;
			sourceTree = "<group>";
		};
		6F5F58D21D33E8EF000ABB58 /* TabSearch */ = {
			isa = PBXGroup;
			children = (
				6F5F58D51D33EBD2000ABB58 /* SearchViewController.swift */,
				6F5F58D71D33EC19000ABB58 /* SearchResultViewController.swift */,
			);
			path = TabSearch;
			sourceTree = "<group>";
		};
		6F8E6A851D31EF3800618103 /* TestViewControllers */ = {
			isa = PBXGroup;
			children = (
				6F5F58D01D33E8EF000ABB58 /* Customer */,
				6F5F58CD1D33E8EF000ABB58 /* CleanPerson */,
			);
			path = TestViewControllers;
			sourceTree = "<group>";
		};
		6F8E6A8C1D31F94900618103 /* Views */ = {
			isa = PBXGroup;
			children = (
				6FDDB8771D34B86E00DBA28F /* CleanPersonRequest */,
				6F5F58C11D336C42000ABB58 /* CustomerRequestResult */,
				6F8E6A8D1D31F94900618103 /* SearchResult */,
			);
			path = Views;
			sourceTree = "<group>";
		};
		6F8E6A8D1D31F94900618103 /* SearchResult */ = {
			isa = PBXGroup;
			children = (
				6F8E6A8E1D31F96200618103 /* SearchResultTableViewCell.swift */,
			);
			path = SearchResult;
			sourceTree = "<group>";
		};
		6F8E6A901D31FDC600618103 /* Models */ = {
			isa = PBXGroup;
			children = (
				6F8E6A911D31FDF600618103 /* CleanPerson.swift */,
				6F5391B71D329B2A00C1AA9C /* Request.swift */,
			);
			path = Models;
			sourceTree = "<group>";
		};
		6FDDB8771D34B86E00DBA28F /* CleanPersonRequest */ = {
			isa = PBXGroup;
			children = (
				6FDDB8781D34B89E00DBA28F /* cleanPersonRequestTableViewCell.swift */,
			);
			path = CleanPersonRequest;
			sourceTree = "<group>";
		};
		F1D4BAF4E8101AB1148B2FFA /* Pods */ = {
			isa = PBXGroup;
			children = (
				4C26C908E74100B9CB8DBBFC /* Pods-ChoreSolver.debug.xcconfig */,
				F6A184FD2700C9E36EE66331 /* Pods-ChoreSolver.release.xcconfig */,
			);
			name = Pods;
			sourceTree = "<group>";
		};
/* End PBXGroup section */

/* Begin PBXNativeTarget section */
		6F4394641D30D71B000A1F49 /* ChoreSolver */ = {
			isa = PBXNativeTarget;
			buildConfigurationList = 6F4394771D30D71B000A1F49 /* Build configuration list for PBXNativeTarget "ChoreSolver" */;
			buildPhases = (
				9EEFF40256546AD85565E928 /* [CP] Check Pods Manifest.lock */,
				6F4394611D30D71B000A1F49 /* Sources */,
				6F4394621D30D71B000A1F49 /* Frameworks */,
				6F4394631D30D71B000A1F49 /* Resources */,
				C1B008B16B8DB10504E6DA21 /* [CP] Embed Pods Frameworks */,
				73825C08C83CC526FA26BB7B /* [CP] Copy Pods Resources */,
			);
			buildRules = (
			);
			dependencies = (
			);
			name = ChoreSolver;
			productName = ChoreSolver;
			productReference = 6F4394651D30D71B000A1F49 /* ChoreSolver.app */;
			productType = "com.apple.product-type.application";
		};
/* End PBXNativeTarget section */

/* Begin PBXProject section */
		6F43945D1D30D71B000A1F49 /* Project object */ = {
			isa = PBXProject;
			attributes = {
				LastSwiftUpdateCheck = 0730;
				LastUpgradeCheck = 0730;
				ORGANIZATIONNAME = "yao ";
				TargetAttributes = {
					6F4394641D30D71B000A1F49 = {
						CreatedOnToolsVersion = 7.3.1;
					};
				};
			};
			buildConfigurationList = 6F4394601D30D71B000A1F49 /* Build configuration list for PBXProject "ChoreSolver" */;
			compatibilityVersion = "Xcode 3.2";
			developmentRegion = English;
			hasScannedForEncodings = 0;
			knownRegions = (
				en,
				Base,
			);
			mainGroup = 6F43945C1D30D71B000A1F49;
			productRefGroup = 6F4394661D30D71B000A1F49 /* Products */;
			projectDirPath = "";
			projectRoot = "";
			targets = (
				6F4394641D30D71B000A1F49 /* ChoreSolver */,
			);
		};
/* End PBXProject section */

/* Begin PBXResourcesBuildPhase section */
		6F4394631D30D71B000A1F49 /* Resources */ = {
			isa = PBXResourcesBuildPhase;
			buildActionMask = 2147483647;
			files = (
				6F4394731D30D71B000A1F49 /* LaunchScreen.storyboard in Resources */,
				6F4394701D30D71B000A1F49 /* Assets.xcassets in Resources */,
				6F43946E1D30D71B000A1F49 /* Main.storyboard in Resources */,
			);
			runOnlyForDeploymentPostprocessing = 0;
		};
/* End PBXResourcesBuildPhase section */

/* Begin PBXShellScriptBuildPhase section */
		73825C08C83CC526FA26BB7B /* [CP] Copy Pods Resources */ = {
			isa = PBXShellScriptBuildPhase;
			buildActionMask = 2147483647;
			files = (
			);
			inputPaths = (
			);
			name = "[CP] Copy Pods Resources";
			outputPaths = (
			);
			runOnlyForDeploymentPostprocessing = 0;
			shellPath = /bin/sh;
			shellScript = "\"${SRCROOT}/Pods/Target Support Files/Pods-ChoreSolver/Pods-ChoreSolver-resources.sh\"\n";
			showEnvVarsInLog = 0;
		};
		9EEFF40256546AD85565E928 /* [CP] Check Pods Manifest.lock */ = {
			isa = PBXShellScriptBuildPhase;
			buildActionMask = 2147483647;
			files = (
			);
			inputPaths = (
			);
			name = "[CP] Check Pods Manifest.lock";
			outputPaths = (
			);
			runOnlyForDeploymentPostprocessing = 0;
			shellPath = /bin/sh;
			shellScript = "diff \"${PODS_ROOT}/../Podfile.lock\" \"${PODS_ROOT}/Manifest.lock\" > /dev/null\nif [[ $? != 0 ]] ; then\n    cat << EOM\nerror: The sandbox is not in sync with the Podfile.lock. Run 'pod install' or update your CocoaPods installation.\nEOM\n    exit 1\nfi\n";
			showEnvVarsInLog = 0;
		};
		C1B008B16B8DB10504E6DA21 /* [CP] Embed Pods Frameworks */ = {
			isa = PBXShellScriptBuildPhase;
			buildActionMask = 2147483647;
			files = (
			);
			inputPaths = (
			);
			name = "[CP] Embed Pods Frameworks";
			outputPaths = (
			);
			runOnlyForDeploymentPostprocessing = 0;
			shellPath = /bin/sh;
			shellScript = "\"${SRCROOT}/Pods/Target Support Files/Pods-ChoreSolver/Pods-ChoreSolver-frameworks.sh\"\n";
			showEnvVarsInLog = 0;
		};
/* End PBXShellScriptBuildPhase section */

/* Begin PBXSourcesBuildPhase section */
		6F4394611D30D71B000A1F49 /* Sources */ = {
			isa = PBXSourcesBuildPhase;
			buildActionMask = 2147483647;
			files = (
				6FDDB8791D34B89E00DBA28F /* cleanPersonRequestTableViewCell.swift in Sources */,
				6F8E6A8F1D31F96200618103 /* SearchResultTableViewCell.swift in Sources */,
				6F5F58D61D33EBD2000ABB58 /* SearchViewController.swift in Sources */,
				6F5F58DA1D33ED66000ABB58 /* CleanPersonRequestViewController.swift in Sources */,
				6FDDB87B1D34D11700DBA28F /* CustomerProfileViewController.swift in Sources */,
				6F5391B81D329B2A00C1AA9C /* Request.swift in Sources */,
				6F5F58C31D336C56000ABB58 /* sentRequestTableViewCell.swift in Sources */,
				6F4394691D30D71B000A1F49 /* AppDelegate.swift in Sources */,
				6F8E6A921D31FDF600618103 /* CleanPerson.swift in Sources */,
				6F5F58D81D33EC19000ABB58 /* SearchResultViewController.swift in Sources */,
				6F5F58D41D33EB61000ABB58 /* CustomerReqeustViewController.swift in Sources */,
				6F22205E1D31EA1E00A3BDC9 /* ParseHelper.swift in Sources */,
			);
			runOnlyForDeploymentPostprocessing = 0;
		};
/* End PBXSourcesBuildPhase section */

/* Begin PBXVariantGroup section */
		6F43946C1D30D71B000A1F49 /* Main.storyboard */ = {
			isa = PBXVariantGroup;
			children = (
				6F43946D1D30D71B000A1F49 /* Base */,
			);
			name = Main.storyboard;
			sourceTree = "<group>";
		};
		6F4394711D30D71B000A1F49 /* LaunchScreen.storyboard */ = {
			isa = PBXVariantGroup;
			children = (
				6F4394721D30D71B000A1F49 /* Base */,
			);
			name = LaunchScreen.storyboard;
			sourceTree = "<group>";
		};
/* End PBXVariantGroup section */

/* Begin XCBuildConfiguration section */
		6F4394751D30D71B000A1F49 /* Debug */ = {
			isa = XCBuildConfiguration;
			buildSettings = {
				ALWAYS_SEARCH_USER_PATHS = NO;
				CLANG_ANALYZER_NONNULL = YES;
				CLANG_CXX_LANGUAGE_STANDARD = "gnu++0x";
				CLANG_CXX_LIBRARY = "libc++";
				CLANG_ENABLE_MODULES = YES;
				CLANG_ENABLE_OBJC_ARC = YES;
				CLANG_WARN_BOOL_CONVERSION = YES;
				CLANG_WARN_CONSTANT_CONVERSION = YES;
				CLANG_WARN_DIRECT_OBJC_ISA_USAGE = YES_ERROR;
				CLANG_WARN_EMPTY_BODY = YES;
				CLANG_WARN_ENUM_CONVERSION = YES;
				CLANG_WARN_INT_CONVERSION = YES;
				CLANG_WARN_OBJC_ROOT_CLASS = YES_ERROR;
				CLANG_WARN_UNREACHABLE_CODE = YES;
				CLANG_WARN__DUPLICATE_METHOD_MATCH = YES;
				"CODE_SIGN_IDENTITY[sdk=iphoneos*]" = "iPhone Developer";
				COPY_PHASE_STRIP = NO;
				DEBUG_INFORMATION_FORMAT = dwarf;
				ENABLE_STRICT_OBJC_MSGSEND = YES;
				ENABLE_TESTABILITY = YES;
				GCC_C_LANGUAGE_STANDARD = gnu99;
				GCC_DYNAMIC_NO_PIC = NO;
				GCC_NO_COMMON_BLOCKS = YES;
				GCC_OPTIMIZATION_LEVEL = 0;
				GCC_PREPROCESSOR_DEFINITIONS = (
					"DEBUG=1",
					"$(inherited)",
				);
				GCC_WARN_64_TO_32_BIT_CONVERSION = YES;
				GCC_WARN_ABOUT_RETURN_TYPE = YES_ERROR;
				GCC_WARN_UNDECLARED_SELECTOR = YES;
				GCC_WARN_UNINITIALIZED_AUTOS = YES_AGGRESSIVE;
				GCC_WARN_UNUSED_FUNCTION = YES;
				GCC_WARN_UNUSED_VARIABLE = YES;
				IPHONEOS_DEPLOYMENT_TARGET = 9.3;
				MTL_ENABLE_DEBUG_INFO = YES;
				ONLY_ACTIVE_ARCH = YES;
				SDKROOT = iphoneos;
				SWIFT_OPTIMIZATION_LEVEL = "-Onone";
			};
			name = Debug;
		};
		6F4394761D30D71B000A1F49 /* Release */ = {
			isa = XCBuildConfiguration;
			buildSettings = {
				ALWAYS_SEARCH_USER_PATHS = NO;
				CLANG_ANALYZER_NONNULL = YES;
				CLANG_CXX_LANGUAGE_STANDARD = "gnu++0x";
				CLANG_CXX_LIBRARY = "libc++";
				CLANG_ENABLE_MODULES = YES;
				CLANG_ENABLE_OBJC_ARC = YES;
				CLANG_WARN_BOOL_CONVERSION = YES;
				CLANG_WARN_CONSTANT_CONVERSION = YES;
				CLANG_WARN_DIRECT_OBJC_ISA_USAGE = YES_ERROR;
				CLANG_WARN_EMPTY_BODY = YES;
				CLANG_WARN_ENUM_CONVERSION = YES;
				CLANG_WARN_INT_CONVERSION = YES;
				CLANG_WARN_OBJC_ROOT_CLASS = YES_ERROR;
				CLANG_WARN_UNREACHABLE_CODE = YES;
				CLANG_WARN__DUPLICATE_METHOD_MATCH = YES;
				"CODE_SIGN_IDENTITY[sdk=iphoneos*]" = "iPhone Developer";
				COPY_PHASE_STRIP = NO;
				DEBUG_INFORMATION_FORMAT = "dwarf-with-dsym";
				ENABLE_NS_ASSERTIONS = NO;
				ENABLE_STRICT_OBJC_MSGSEND = YES;
				GCC_C_LANGUAGE_STANDARD = gnu99;
				GCC_NO_COMMON_BLOCKS = YES;
				GCC_WARN_64_TO_32_BIT_CONVERSION = YES;
				GCC_WARN_ABOUT_RETURN_TYPE = YES_ERROR;
				GCC_WARN_UNDECLARED_SELECTOR = YES;
				GCC_WARN_UNINITIALIZED_AUTOS = YES_AGGRESSIVE;
				GCC_WARN_UNUSED_FUNCTION = YES;
				GCC_WARN_UNUSED_VARIABLE = YES;
				IPHONEOS_DEPLOYMENT_TARGET = 9.3;
				MTL_ENABLE_DEBUG_INFO = NO;
				SDKROOT = iphoneos;
				VALIDATE_PRODUCT = YES;
			};
			name = Release;
		};
		6F4394781D30D71B000A1F49 /* Debug */ = {
			isa = XCBuildConfiguration;
			baseConfigurationReference = 4C26C908E74100B9CB8DBBFC /* Pods-ChoreSolver.debug.xcconfig */;
			buildSettings = {
				ASSETCATALOG_COMPILER_APPICON_NAME = AppIcon;
				INFOPLIST_FILE = ChoreSolver/Info.plist;
				LD_RUNPATH_SEARCH_PATHS = "$(inherited) @executable_path/Frameworks";
				PRODUCT_BUNDLE_IDENTIFIER = yao.ChoreSolver;
				PRODUCT_NAME = "$(TARGET_NAME)";
			};
			name = Debug;
		};
		6F4394791D30D71B000A1F49 /* Release */ = {
			isa = XCBuildConfiguration;
			baseConfigurationReference = F6A184FD2700C9E36EE66331 /* Pods-ChoreSolver.release.xcconfig */;
			buildSettings = {
				ASSETCATALOG_COMPILER_APPICON_NAME = AppIcon;
				INFOPLIST_FILE = ChoreSolver/Info.plist;
				LD_RUNPATH_SEARCH_PATHS = "$(inherited) @executable_path/Frameworks";
				PRODUCT_BUNDLE_IDENTIFIER = yao.ChoreSolver;
				PRODUCT_NAME = "$(TARGET_NAME)";
			};
			name = Release;
		};
/* End XCBuildConfiguration section */

/* Begin XCConfigurationList section */
		6F4394601D30D71B000A1F49 /* Build configuration list for PBXProject "ChoreSolver" */ = {
			isa = XCConfigurationList;
			buildConfigurations = (
				6F4394751D30D71B000A1F49 /* Debug */,
				6F4394761D30D71B000A1F49 /* Release */,
			);
			defaultConfigurationIsVisible = 0;
			defaultConfigurationName = Release;
		};
		6F4394771D30D71B000A1F49 /* Build configuration list for PBXNativeTarget "ChoreSolver" */ = {
			isa = XCConfigurationList;
			buildConfigurations = (
				6F4394781D30D71B000A1F49 /* Debug */,
				6F4394791D30D71B000A1F49 /* Release */,
			);
			defaultConfigurationIsVisible = 0;
			defaultConfigurationName = Release;
		};
/* End XCConfigurationList section */
	};
	rootObject = 6F43945D1D30D71B000A1F49 /* Project object */;
}
